{
  "name": "eslint-config-leboncoin",
  "version": "2.1.0",
  "lockfileVersion": 1,
  "requires": true,
  "dependencies": {
    "eslint-plugin-no-autofix": {
      "version": "1.0.1",
      "resolved": "https://registry.npmjs.org/eslint-plugin-no-autofix/-/eslint-plugin-no-autofix-1.0.1.tgz",
      "integrity": "sha512-ZwQF1S+tsl9alr8DuoHX9KcNI+BxCK+D08I1n6NXlitIJg3AB+1EtHYMoxz0LFKKsewoUYo2M4QcHZxGqV1T7w==",
      "requires": {
        "eslint-rule-composer": "^0.3.0"
      }
    },
    "eslint-plugin-no-constructor-bind": {
      "version": "1.2.7",
      "resolved": "https://registry.npmjs.org/eslint-plugin-no-constructor-bind/-/eslint-plugin-no-constructor-bind-1.2.7.tgz",
      "integrity": "sha512-Kfvk4xwdaMpbc4FGBrgDY3ywqxDohpw9Fm9HGUp2BdSZ9irwazlo95u193pn8eOdwBiju/bIUIPZ4xaTHRHRAg==",
      "requires": {
        "requireindex": "~1.2.0"
      }
    },
    "eslint-rule-composer": {
      "version": "0.3.0",
      "resolved": "https://registry.npmjs.org/eslint-rule-composer/-/eslint-rule-composer-0.3.0.tgz",
      "integrity": "sha512-bt+Sh8CtDmn2OajxvNO+BX7Wn4CIWMpTRm3MaiKPCQcnnlm0CS2mhui6QaoeQugs+3Kj2ESKEEGJUdVafwhiCg=="
    },
    "requireindex": {
      "version": "1.2.0",
      "resolved": "https://registry.npmjs.org/requireindex/-/requireindex-1.2.0.tgz",
      "integrity": "sha512-L9jEkOi3ASd9PYit2cwRfyppc9NoABujTP8/5gFcbERmo5jUoAKovIC3fsF17pkTnGsrByysqX+Kxd2OTNI1ww=="
    }
  }
}
